version = 1
requires-python = ">=3.13"

[[package]]
name = "pm"
version = "0.1.0"
source = { editable = "." }
dependencies = [
    { name = "pymssql" },
]

[package.metadata]
requires-dist = [{ name = "pymssql" }]

[[package]]
name = "pymssql"
version = "2.3.10"
source = { registry = "https://pypi.org/simple" }
sdist = { url = "https://files.pythonhosted.org/packages/cc/8c/d6f2dffdea1d33823ab778bf2ed8e5716f96c32d5b76998ed1b8287b3aae/pymssql-2.3.10.tar.gz", hash = "sha256:4e86c28fa71a66da3a89584b16b69dec09fed97feadb7eaf487c70493653fc63", size = 185748 }
wheels = [
    { url = "https://files.pythonhosted.org/packages/89/91/daf0dbd82b50391e33f0707776430ed235237b4f6fd8b38743e7ba6896d7/pymssql-2.3.10-cp313-cp313-macosx_13_0_x86_64.whl", hash = "sha256:a90d82eca4fe1812be8c7e2fa48912f8c0a671c141be66c6b7056612f56dec1e", size = 2888133 },
    { url = "https://files.pythonhosted.org/packages/98/74/823d27a3eb5f16c776d92028b50b117ea76d0660a418c346b631f5141dcd/pymssql-2.3.10-cp313-cp313-macosx_14_0_arm64.whl", hash = "sha256:a77c080437f2cc0500f1c8fee0852acb871e6d3f91e2bb51afba5c91dd45de2d", size = 3146684 },
    { url = "https://files.pythonhosted.org/packages/eb/42/5128ac35cd744aa06e4c0abf37a415244a0713e7d1736e5fbc4c79f81bac/pymssql-2.3.10-cp313-cp313-manylinux2014_aarch64.manylinux_2_17_aarch64.whl", hash = "sha256:db4dd0539a2a06907e34234ecfb13e8445885102161dc2ff090f11b3d514c886", size = 2456877 },
    { url = "https://files.pythonhosted.org/packages/00/0c/4bdd9feb78f9225d06e5271971c728a75b10a151da9928be58611a780fe6/pymssql-2.3.10-cp313-cp313-manylinux2014_x86_64.manylinux_2_17_x86_64.whl", hash = "sha256:865656cb8a83e6a5b0bb439b8ed3395c3ca0e55bb2656f71c5901f8db3c69104", size = 2792508 },
    { url = "https://files.pythonhosted.org/packages/76/dc/1b8e9649c0b195233387e366ef819ae3022c9b1ac8a9e0d56da8bcb02f24/pymssql-2.3.10-cp313-cp313-musllinux_1_2_aarch64.whl", hash = "sha256:97a374528fcebf2cb22087f4e21459768ceda8058373de88b2fff57bdf01b3db", size = 3697751 },
    { url = "https://files.pythonhosted.org/packages/28/cd/90a6cfe3e900da30ea7bd5f802e3f080f0b59bb2f6da5ed6a2f895783b55/pymssql-2.3.10-cp313-cp313-musllinux_1_2_x86_64.whl", hash = "sha256:8dca43142f21a899db43657ce3d9a58d1f389b780c2891100ed5bb3ef6f94459", size = 3440917 },
    { url = "https://files.pythonhosted.org/packages/59/b1/704c4c7b55f7bfa7a0c5ce7ce059a6a3ab5c462acf049447eb75b666304b/pymssql-2.3.10-cp313-cp313-win32.whl", hash = "sha256:bc31fbe43d64196364a3eb5b1231f09e74ffac51735ec781dc20eed67c6fc87f", size = 1302240 },
    { url = "https://files.pythonhosted.org/packages/ed/22/8ff52dd5acd27e612025bd445b1bab61eac6089548e7563e65983a6ce31f/pymssql-2.3.10-cp313-cp313-win_amd64.whl", hash = "sha256:665d95d8d826e779a6e4b6e88dc31a4a486ccfb0f7179c7250c1b770c18addfd", size = 1984580 },
    { url = "https://files.pythonhosted.org/packages/9c/98/a450997393e83c74dcd12f1737cb4a941c529ee9f12fc6c7abf1254417e3/pymssql-2.3.10-cp314-cp314-macosx_13_0_x86_64.whl", hash = "sha256:23ed73a35772462e09b0c6bee05f576185fe6df40ecbc6b1ff84f32457ae0c44", size = 2888542 },
    { url = "https://files.pythonhosted.org/packages/ed/9d/9189dd1cfcf4f0e2941d682964f4714433058a5baaf2f147235c38a18745/pymssql-2.3.10-cp314-cp314-macosx_14_0_arm64.whl", hash = "sha256:d8d8978214745377839d677afc5e35973cc88b9411239135a41a864ce64e57a7", size = 3148907 },
    { url = "https://files.pythonhosted.org/packages/e8/a6/d1610539b451c8ff1b8f2d956af0d42463f1b92eae9daa6b2fc55bafaa06/pymssql-2.3.10-cp314-cp314-manylinux2014_aarch64.manylinux_2_17_aarch64.whl", hash = "sha256:5f1b73f61554d676047e60d775c26ee2555bb7d41cfc5aa61c17a345f241510f", size = 2455385 },
    { url = "https://files.pythonhosted.org/packages/df/7a/15fbecc46938230324e50ff55dd8c654244c0d1c1bc0a5203745ee2affae/pymssql-2.3.10-cp314-cp314-manylinux2014_x86_64.manylinux_2_17_x86_64.whl", hash = "sha256:6559ed0fffd00a8ef855f4ec4d6794711428610ca75ce3661428fb22766bd38e", size = 2790991 },
    { url = "https://files.pythonhosted.org/packages/b0/3c/e8a57fd6a2d45fbd0bd9d4f7d58b50f2cb86c341af768c3ab2e9b7617eea/pymssql-2.3.10-cp314-cp314-musllinux_1_2_aarch64.whl", hash = "sha256:bc192853c43f28dc4e5f3e77c159d7ded7a291e3550f3f4effa616908d6d3bf8", size = 3696840 },
    { url = "https://files.pythonhosted.org/packages/e4/df/7c16584f9b043939cb4b331fde6cf47f4ba62454e023e941cb63a8b13653/pymssql-2.3.10-cp314-cp314-musllinux_1_2_x86_64.whl", hash = "sha256:cb37a6bcba5bb8627163b7907187153bb8336961b80a5324a2e2e2d83e6c8c09", size = 3439753 },
    { url = "https://files.pythonhosted.org/packages/3f/51/6de17208de0a9e1ae01353d99faa1eb9a03ebfc2d714ae1a00546e0b81f3/pymssql-2.3.10-cp314-cp314-win32.whl", hash = "sha256:aa141499a40f8a97488e8020c39566a6e6fe742911fa79e016e2f0e134e546ad", size = 1333759 },
    { url = "https://files.pythonhosted.org/packages/27/6c/43424b256d72541672803c16a6e0b8d4cd739436a3f474dae6e668379ba0/pymssql-2.3.10-cp314-cp314-win_amd64.whl", hash = "sha256:8a4e5f104db516840415774b24a465d171ba923fbb6cd865eff94b0c176d918a", size = 2038003 },
]
